
Microsoft Visual Studio Solution File, Format Version 12.00
# Visual Studio Version 16
VisualStudioVersion = 25.0.1705.6
MinimumVisualStudioVersion = 10.0.40219.1
Project("{FAE04EC0-301F-11D3-BF4B-00C04F79EFBC}") = "OtOSecretChat", "OtOSecretChat.csproj", "{B8E4A1DA-A937-49B9-9B85-36DF15F27C9F}"
EndProject
Global
	GlobalSection(SolutionConfigurationPlatforms) = preSolution
		Debug|Any CPU = Debug|Any CPU
		Release|Any CPU = Release|Any CPU
	EndGlobalSection
	GlobalSection(ProjectConfigurationPlatforms) = postSolution
		{B8E4A1DA-A937-49B9-9B85-36DF15F27C9F}.Debug|Any CPU.ActiveCfg = Debug|Any CPU
		{B8E4A1DA-A937-49B9-9B85-36DF15F27C9F}.Debug|Any CPU.Build.0 = Debug|Any CPU
		{B8E4A1DA-A937-49B9-9B85-36DF15F27C9F}.Release|Any CPU.ActiveCfg = Release|Any CPU
		{B8E4A1DA-A937-49B9-9B85-36DF15F27C9F}.Release|Any CPU.Build.0 = Release|Any CPU
	EndGlobalSection
	GlobalSection(SolutionProperties) = preSolution
		HideSolutionNode = FALSE
	EndGlobalSection
	GlobalSection(ExtensibilityGlobals) = postSolution
		SolutionGuid = {E219898E-DC64-4BDE-A0D6-ED3D69F85F32}
	EndGlobalSection
EndGlobal
